// !$*UTF8*$!
{
	archiveVersion = 1;
	classes = {
	};
	objectVersion = 56;
	objects = {

/* Begin PBXBuildFile section */
		381DB05F2A362B50003D943E /* UsersInformationController.swift in Sources */ = {isa = PBXBuildFile; fileRef = 381DB05E2A362B50003D943E /* UsersInformationController.swift */; };
		381DB0632A365D8E003D943E /* UsersTableCell.swift in Sources */ = {isa = PBXBuildFile; fileRef = 381DB0622A365D8E003D943E /* UsersTableCell.swift */; };
		3823833A2A3B491C00BB3F14 /* MainTabBarController.swift in Sources */ = {isa = PBXBuildFile; fileRef = 382383392A3B491C00BB3F14 /* MainTabBarController.swift */; };
		382383402A3B687600BB3F14 /* DataStorage.swift in Sources */ = {isa = PBXBuildFile; fileRef = 3823833F2A3B687600BB3F14 /* DataStorage.swift */; };
		382383422A3B68FB00BB3F14 /* UIColorExtension.swift in Sources */ = {isa = PBXBuildFile; fileRef = 382383412A3B68FB00BB3F14 /* UIColorExtension.swift */; };
		389814A32A2E981600C0ED41 /* AppDelegate.swift in Sources */ = {isa = PBXBuildFile; fileRef = 389814A22A2E981600C0ED41 /* AppDelegate.swift */; };
		389814A52A2E981600C0ED41 /* SceneDelegate.swift in Sources */ = {isa = PBXBuildFile; fileRef = 389814A42A2E981600C0ED41 /* SceneDelegate.swift */; };
		389814A72A2E981600C0ED41 /* MainPageController.swift in Sources */ = {isa = PBXBuildFile; fileRef = 389814A62A2E981600C0ED41 /* MainPageController.swift */; };
		389814AA2A2E981600C0ED41 /* Main.storyboard in Resources */ = {isa = PBXBuildFile; fileRef = 389814A82A2E981600C0ED41 /* Main.storyboard */; };
		389814AC2A2E981700C0ED41 /* Assets.xcassets in Resources */ = {isa = PBXBuildFile; fileRef = 389814AB2A2E981700C0ED41 /* Assets.xcassets */; };
		389814AF2A2E981700C0ED41 /* LaunchScreen.storyboard in Resources */ = {isa = PBXBuildFile; fileRef = 389814AD2A2E981700C0ED41 /* LaunchScreen.storyboard */; };
		389814BA2A2E981700C0ED41 /* MyProjectTests.swift in Sources */ = {isa = PBXBuildFile; fileRef = 389814B92A2E981700C0ED41 /* MyProjectTests.swift */; };
		389814C42A2E981700C0ED41 /* MyProjectUITests.swift in Sources */ = {isa = PBXBuildFile; fileRef = 389814C32A2E981700C0ED41 /* MyProjectUITests.swift */; };
		389814C62A2E981700C0ED41 /* MyProjectUITestsLaunchTests.swift in Sources */ = {isa = PBXBuildFile; fileRef = 389814C52A2E981700C0ED41 /* MyProjectUITestsLaunchTests.swift */; };
/* End PBXBuildFile section */

/* Begin PBXContainerItemProxy section */
		389814B62A2E981700C0ED41 /* PBXContainerItemProxy */ = {
			isa = PBXContainerItemProxy;
			containerPortal = 389814972A2E981600C0ED41 /* Project object */;
			proxyType = 1;
			remoteGlobalIDString = 3898149E2A2E981600C0ED41;
			remoteInfo = MyProject;
		};
		389814C02A2E981700C0ED41 /* PBXContainerItemProxy */ = {
			isa = PBXContainerItemProxy;
			containerPortal = 389814972A2E981600C0ED41 /* Project object */;
			proxyType = 1;
			remoteGlobalIDString = 3898149E2A2E981600C0ED41;
			remoteInfo = MyProject;
		};
/* End PBXContainerItemProxy section */

/* Begin PBXFileReference section */
		381DB05E2A362B50003D943E /* UsersInformationController.swift */ = {isa = PBXFileReference; lastKnownFileType = sourcecode.swift; path = UsersInformationController.swift; sourceTree = "<group>"; };
		381DB0622A365D8E003D943E /* UsersTableCell.swift */ = {isa = PBXFileReference; lastKnownFileType = sourcecode.swift; path = UsersTableCell.swift; sourceTree = "<group>"; };
		382383392A3B491C00BB3F14 /* MainTabBarController.swift */ = {isa = PBXFileReference; lastKnownFileType = sourcecode.swift; path = MainTabBarController.swift; sourceTree = "<group>"; };
		3823833F2A3B687600BB3F14 /* DataStorage.swift */ = {isa = PBXFileReference; lastKnownFileType = sourcecode.swift; path = DataStorage.swift; sourceTree = "<group>"; };
		382383412A3B68FB00BB3F14 /* UIColorExtension.swift */ = {isa = PBXFileReference; lastKnownFileType = sourcecode.swift; path = UIColorExtension.swift; sourceTree = "<group>"; };
		3898149F2A2E981600C0ED41 /* MyProject.app */ = {isa = PBXFileReference; explicitFileType = wrapper.application; includeInIndex = 0; path = MyProject.app; sourceTree = BUILT_PRODUCTS_DIR; };
		389814A22A2E981600C0ED41 /* AppDelegate.swift */ = {isa = PBXFileReference; lastKnownFileType = sourcecode.swift; path = AppDelegate.swift; sourceTree = "<group>"; };
		389814A42A2E981600C0ED41 /* SceneDelegate.swift */ = {isa = PBXFileReference; lastKnownFileType = sourcecode.swift; path = SceneDelegate.swift; sourceTree = "<group>"; };
		389814A62A2E981600C0ED41 /* MainPageController.swift */ = {isa = PBXFileReference; lastKnownFileType = sourcecode.swift; path = MainPageController.swift; sourceTree = "<group>"; };
		389814A92A2E981600C0ED41 /* Base */ = {isa = PBXFileReference; lastKnownFileType = file.storyboard; name = Base; path = Base.lproj/Main.storyboard; sourceTree = "<group>"; };
		389814AB2A2E981700C0ED41 /* Assets.xcassets */ = {isa = PBXFileReference; lastKnownFileType = folder.assetcatalog; path = Assets.xcassets; sourceTree = "<group>"; };
		389814AE2A2E981700C0ED41 /* Base */ = {isa = PBXFileReference; lastKnownFileType = file.storyboard; name = Base; path = Base.lproj/LaunchScreen.storyboard; sourceTree = "<group>"; };
		389814B02A2E981700C0ED41 /* Info.plist */ = {isa = PBXFileReference; lastKnownFileType = text.plist.xml; path = Info.plist; sourceTree = "<group>"; };
		389814B52A2E981700C0ED41 /* MyProjectTests.xctest */ = {isa = PBXFileReference; explicitFileType = wrapper.cfbundle; includeInIndex = 0; path = MyProjectTests.xctest; sourceTree = BUILT_PRODUCTS_DIR; };
		389814B92A2E981700C0ED41 /* MyProjectTests.swift */ = {isa = PBXFileReference; lastKnownFileType = sourcecode.swift; path = MyProjectTests.swift; sourceTree = "<group>"; };
		389814BF2A2E981700C0ED41 /* MyProjectUITests.xctest */ = {isa = PBXFileReference; explicitFileType = wrapper.cfbundle; includeInIndex = 0; path = MyProjectUITests.xctest; sourceTree = BUILT_PRODUCTS_DIR; };
		389814C32A2E981700C0ED41 /* MyProjectUITests.swift */ = {isa = PBXFileReference; lastKnownFileType = sourcecode.swift; path = MyProjectUITests.swift; sourceTree = "<group>"; };
		389814C52A2E981700C0ED41 /* MyProjectUITestsLaunchTests.swift */ = {isa = PBXFileReference; lastKnownFileType = sourcecode.swift; path = MyProjectUITestsLaunchTests.swift; sourceTree = "<group>"; };
/* End PBXFileReference section */

/* Begin PBXFrameworksBuildPhase section */
		3898149C2A2E981600C0ED41 /* Frameworks */ = {
			isa = PBXFrameworksBuildPhase;
			buildActionMask = 2147483647;
			files = (
			);
			runOnlyForDeploymentPostprocessing = 0;
		};
		389814B22A2E981700C0ED41 /* Frameworks */ = {
			isa = PBXFrameworksBuildPhase;
			buildActionMask = 2147483647;
			files = (
			);
			runOnlyForDeploymentPostprocessing = 0;
		};
		389814BC2A2E981700C0ED41 /* Frameworks */ = {
			isa = PBXFrameworksBuildPhase;
			buildActionMask = 2147483647;
			files = (
			);
			runOnlyForDeploymentPostprocessing = 0;
		};
/* End PBXFrameworksBuildPhase section */

/* Begin PBXGroup section */
		3823833B2A3B65B800BB3F14 /* Controllers */ = {
			isa = PBXGroup;
			children = (
				382383392A3B491C00BB3F14 /* MainTabBarController.swift */,
				389814A62A2E981600C0ED41 /* MainPageController.swift */,
				381DB05E2A362B50003D943E /* UsersInformationController.swift */,
			);
			path = Controllers;
			sourceTree = "<group>";
		};
		3823833C2A3B660300BB3F14 /* Application */ = {
			isa = PBXGroup;
			children = (
				389814A22A2E981600C0ED41 /* AppDelegate.swift */,
				389814A42A2E981600C0ED41 /* SceneDelegate.swift */,
			);
			path = Application;
			sourceTree = "<group>";
		};
		3823833D2A3B679700BB3F14 /* Resourses */ = {
			isa = PBXGroup;
			children = (
				389814AD2A2E981700C0ED41 /* LaunchScreen.storyboard */,
				389814B02A2E981700C0ED41 /* Info.plist */,
				389814AB2A2E981700C0ED41 /* Assets.xcassets */,
				389814A82A2E981600C0ED41 /* Main.storyboard */,
			);
			path = Resourses;
			sourceTree = "<group>";
		};
		3823833E2A3B681800BB3F14 /* SupportClasses */ = {
			isa = PBXGroup;
			children = (
				381DB0622A365D8E003D943E /* UsersTableCell.swift */,
				3823833F2A3B687600BB3F14 /* DataStorage.swift */,
				382383412A3B68FB00BB3F14 /* UIColorExtension.swift */,
			);
			path = SupportClasses;
			sourceTree = "<group>";
		};
		389814962A2E981600C0ED41 = {
			isa = PBXGroup;
			children = (
				389814A12A2E981600C0ED41 /* MyProject */,
				389814B82A2E981700C0ED41 /* MyProjectTests */,
				389814C22A2E981700C0ED41 /* MyProjectUITests */,
				389814A02A2E981600C0ED41 /* Products */,
			);
			sourceTree = "<group>";
		};
		389814A02A2E981600C0ED41 /* Products */ = {
			isa = PBXGroup;
			children = (
				3898149F2A2E981600C0ED41 /* MyProject.app */,
				389814B52A2E981700C0ED41 /* MyProjectTests.xctest */,
				389814BF2A2E981700C0ED41 /* MyProjectUITests.xctest */,
			);
			name = Products;
			sourceTree = "<group>";
		};
		389814A12A2E981600C0ED41 /* MyProject */ = {
			isa = PBXGroup;
			children = (
				3823833B2A3B65B800BB3F14 /* Controllers */,
				3823833E2A3B681800BB3F14 /* SupportClasses */,
				3823833D2A3B679700BB3F14 /* Resourses */,
				3823833C2A3B660300BB3F14 /* Application */,
			);
			path = MyProject;
			sourceTree = "<group>";
		};
		389814B82A2E981700C0ED41 /* MyProjectTests */ = {
			isa = PBXGroup;
			children = (
				389814B92A2E981700C0ED41 /* MyProjectTests.swift */,
			);
			path = MyProjectTests;
			sourceTree = "<group>";
		};
		389814C22A2E981700C0ED41 /* MyProjectUITests */ = {
			isa = PBXGroup;
			children = (
				389814C32A2E981700C0ED41 /* MyProjectUITests.swift */,
				389814C52A2E981700C0ED41 /* MyProjectUITestsLaunchTests.swift */,
			);
			path = MyProjectUITests;
			sourceTree = "<group>";
		};
/* End PBXGroup section */

/* Begin PBXNativeTarget section */
		3898149E2A2E981600C0ED41 /* MyProject */ = {
			isa = PBXNativeTarget;
			buildConfigurationList = 389814C92A2E981700C0ED41 /* Build configuration list for PBXNativeTarget "MyProject" */;
			buildPhases = (
				3898149B2A2E981600C0ED41 /* Sources */,
				3898149C2A2E981600C0ED41 /* Frameworks */,
				3898149D2A2E981600C0ED41 /* Resources */,
			);
			buildRules = (
			);
			dependencies = (
			);
			name = MyProject;
			productName = MyProject;
			productReference = 3898149F2A2E981600C0ED41 /* MyProject.app */;
			productType = "com.apple.product-type.application";
		};
		389814B42A2E981700C0ED41 /* MyProjectTests */ = {
			isa = PBXNativeTarget;
			buildConfigurationList = 389814CC2A2E981700C0ED41 /* Build configuration list for PBXNativeTarget "MyProjectTests" */;
			buildPhases = (
				389814B12A2E981700C0ED41 /* Sources */,
				389814B22A2E981700C0ED41 /* Frameworks */,
				389814B32A2E981700C0ED41 /* Resources */,
			);
			buildRules = (
			);
			dependencies = (
				389814B72A2E981700C0ED41 /* PBXTargetDependency */,
			);
			name = MyProjectTests;
			productName = MyProjectTests;
			productReference = 389814B52A2E981700C0ED41 /* MyProjectTests.xctest */;
			productType = "com.apple.product-type.bundle.unit-test";
		};
		389814BE2A2E981700C0ED41 /* MyProjectUITests */ = {
			isa = PBXNativeTarget;
			buildConfigurationList = 389814CF2A2E981700C0ED41 /* Build configuration list for PBXNativeTarget "MyProjectUITests" */;
			buildPhases = (
				389814BB2A2E981700C0ED41 /* Sources */,
				389814BC2A2E981700C0ED41 /* Frameworks */,
				389814BD2A2E981700C0ED41 /* Resources */,
			);
			buildRules = (
			);
			dependencies = (
				389814C12A2E981700C0ED41 /* PBXTargetDependency */,
			);
			name = MyProjectUITests;
			productName = MyProjectUITests;
			productReference = 389814BF2A2E981700C0ED41 /* MyProjectUITests.xctest */;
			productType = "com.apple.product-type.bundle.ui-testing";
		};
/* End PBXNativeTarget section */

/* Begin PBXProject section */
		389814972A2E981600C0ED41 /* Project object */ = {
			isa = PBXProject;
			attributes = {
				BuildIndependentTargetsInParallel = 1;
				LastSwiftUpdateCheck = 1430;
				LastUpgradeCheck = 1430;
				TargetAttributes = {
					3898149E2A2E981600C0ED41 = {
						CreatedOnToolsVersion = 14.3.1;
					};
					389814B42A2E981700C0ED41 = {
						CreatedOnToolsVersion = 14.3.1;
						TestTargetID = 3898149E2A2E981600C0ED41;
					};
					389814BE2A2E981700C0ED41 = {
						CreatedOnToolsVersion = 14.3.1;
						TestTargetID = 3898149E2A2E981600C0ED41;
					};
				};
			};
			buildConfigurationList = 3898149A2A2E981600C0ED41 /* Build configuration list for PBXProject "MyProject" */;
			compatibilityVersion = "Xcode 14.0";
			developmentRegion = en;
			hasScannedForEncodings = 0;
			knownRegions = (
				en,
				Base,
			);
			mainGroup = 389814962A2E981600C0ED41;
			productRefGroup = 389814A02A2E981600C0ED41 /* Products */;
			projectDirPath = "";
			projectRoot = "";
			targets = (
				3898149E2A2E981600C0ED41 /* MyProject */,
				389814B42A2E981700C0ED41 /* MyProjectTests */,
				389814BE2A2E981700C0ED41 /* MyProjectUITests */,
			);
		};
/* End PBXProject section */

/* Begin PBXResourcesBuildPhase section */
		3898149D2A2E981600C0ED41 /* Resources */ = {
			isa = PBXResourcesBuildPhase;
			buildActionMask = 2147483647;
			files = (
				389814AF2A2E981700C0ED41 /* LaunchScreen.storyboard in Resources */,
				389814AC2A2E981700C0ED41 /* Assets.xcassets in Resources */,
				389814AA2A2E981600C0ED41 /* Main.storyboard in Resources */,
			);
			runOnlyForDeploymentPostprocessing = 0;
		};
		389814B32A2E981700C0ED41 /* Resources */ = {
			isa = PBXResourcesBuildPhase;
			buildActionMask = 2147483647;
			files = (
			);
			runOnlyForDeploymentPostprocessing = 0;
		};
		389814BD2A2E981700C0ED41 /* Resources */ = {
			isa = PBXResourcesBuildPhase;
			buildActionMask = 2147483647;
			files = (
			);
			runOnlyForDeploymentPostprocessing = 0;
		};
/* End PBXResourcesBuildPhase section */

/* Begin PBXSourcesBuildPhase section */
		3898149B2A2E981600C0ED41 /* Sources */ = {
			isa = PBXSourcesBuildPhase;
			buildActionMask = 2147483647;
			files = (
				389814A72A2E981600C0ED41 /* MainPageController.swift in Sources */,
				389814A32A2E981600C0ED41 /* AppDelegate.swift in Sources */,
				382383402A3B687600BB3F14 /* DataStorage.swift in Sources */,
				3823833A2A3B491C00BB3F14 /* MainTabBarController.swift in Sources */,
				382383422A3B68FB00BB3F14 /* UIColorExtension.swift in Sources */,
				389814A52A2E981600C0ED41 /* SceneDelegate.swift in Sources */,
				381DB05F2A362B50003D943E /* UsersInformationController.swift in Sources */,
				381DB0632A365D8E003D943E /* UsersTableCell.swift in Sources */,
			);
			runOnlyForDeploymentPostprocessing = 0;
		};
		389814B12A2E981700C0ED41 /* Sources */ = {
			isa = PBXSourcesBuildPhase;
			buildActionMask = 2147483647;
			files = (
				389814BA2A2E981700C0ED41 /* MyProjectTests.swift in Sources */,
			);
			runOnlyForDeploymentPostprocessing = 0;
		};
		389814BB2A2E981700C0ED41 /* Sources */ = {
			isa = PBXSourcesBuildPhase;
			buildActionMask = 2147483647;
			files = (
				389814C62A2E981700C0ED41 /* MyProjectUITestsLaunchTests.swift in Sources */,
				389814C42A2E981700C0ED41 /* MyProjectUITests.swift in Sources */,
			);
			runOnlyForDeploymentPostprocessing = 0;
		};
/* End PBXSourcesBuildPhase section */

/* Begin PBXTargetDependency section */
		389814B72A2E981700C0ED41 /* PBXTargetDependency */ = {
			isa = PBXTargetDependency;
			target = 3898149E2A2E981600C0ED41 /* MyProject */;
			targetProxy = 389814B62A2E981700C0ED41 /* PBXContainerItemProxy */;
		};
		389814C12A2E981700C0ED41 /* PBXTargetDependency */ = {
			isa = PBXTargetDependency;
			target = 3898149E2A2E981600C0ED41 /* MyProject */;
			targetProxy = 389814C02A2E981700C0ED41 /* PBXContainerItemProxy */;
		};
/* End PBXTargetDependency section */

/* Begin PBXVariantGroup section */
		389814A82A2E981600C0ED41 /* Main.storyboard */ = {
			isa = PBXVariantGroup;
			children = (
				389814A92A2E981600C0ED41 /* Base */,
			);
			name = Main.storyboard;
			sourceTree = "<group>";
		};
		389814AD2A2E981700C0ED41 /* LaunchScreen.storyboard */ = {
			isa = PBXVariantGroup;
			children = (
				389814AE2A2E981700C0ED41 /* Base */,
			);
			name = LaunchScreen.storyboard;
			sourceTree = "<group>";
		};
/* End PBXVariantGroup section */

/* Begin XCBuildConfiguration section */
		389814C72A2E981700C0ED41 /* Debug */ = {
			isa = XCBuildConfiguration;
			buildSettings = {
				ALWAYS_SEARCH_USER_PATHS = NO;
				CLANG_ANALYZER_NONNULL = YES;
				CLANG_ANALYZER_NUMBER_OBJECT_CONVERSION = YES_AGGRESSIVE;
				CLANG_CXX_LANGUAGE_STANDARD = "gnu++20";
				CLANG_ENABLE_MODULES = YES;
				CLANG_ENABLE_OBJC_ARC = YES;
				CLANG_ENABLE_OBJC_WEAK = YES;
				CLANG_WARN_BLOCK_CAPTURE_AUTORELEASING = YES;
				CLANG_WARN_BOOL_CONVERSION = YES;
				CLANG_WARN_COMMA = YES;
				CLANG_WARN_CONSTANT_CONVERSION = YES;
				CLANG_WARN_DEPRECATED_OBJC_IMPLEMENTATIONS = YES;
				CLANG_WARN_DIRECT_OBJC_ISA_USAGE = YES_ERROR;
				CLANG_WARN_DOCUMENTATION_COMMENTS = YES;
				CLANG_WARN_EMPTY_BODY = YES;
				CLANG_WARN_ENUM_CONVERSION = YES;
				CLANG_WARN_INFINITE_RECURSION = YES;
				CLANG_WARN_INT_CONVERSION = YES;
				CLANG_WARN_NON_LITERAL_NULL_CONVERSION = YES;
				CLANG_WARN_OBJC_IMPLICIT_RETAIN_SELF = YES;
				CLANG_WARN_OBJC_LITERAL_CONVERSION = YES;
				CLANG_WARN_OBJC_ROOT_CLASS = YES_ERROR;
				CLANG_WARN_QUOTED_INCLUDE_IN_FRAMEWORK_HEADER = YES;
				CLANG_WARN_RANGE_LOOP_ANALYSIS = YES;
				CLANG_WARN_STRICT_PROTOTYPES = YES;
				CLANG_WARN_SUSPICIOUS_MOVE = YES;
				CLANG_WARN_UNGUARDED_AVAILABILITY = YES_AGGRESSIVE;
				CLANG_WARN_UNREACHABLE_CODE = YES;
				CLANG_WARN__DUPLICATE_METHOD_MATCH = YES;
				COPY_PHASE_STRIP = NO;
				DEBUG_INFORMATION_FORMAT = dwarf;
				ENABLE_STRICT_OBJC_MSGSEND = YES;
				ENABLE_TESTABILITY = YES;
				GCC_C_LANGUAGE_STANDARD = gnu11;
				GCC_DYNAMIC_NO_PIC = NO;
				GCC_NO_COMMON_BLOCKS = YES;
				GCC_OPTIMIZATION_LEVEL = 0;
				GCC_PREPROCESSOR_DEFINITIONS = (
					"DEBUG=1",
					"$(inherited)",
				);
				GCC_WARN_64_TO_32_BIT_CONVERSION = YES;
				GCC_WARN_ABOUT_RETURN_TYPE = YES_ERROR;
				GCC_WARN_UNDECLARED_SELECTOR = YES;
				GCC_WARN_UNINITIALIZED_AUTOS = YES_AGGRESSIVE;
				GCC_WARN_UNUSED_FUNCTION = YES;
				GCC_WARN_UNUSED_VARIABLE = YES;
				IPHONEOS_DEPLOYMENT_TARGET = 16.4;
				MTL_ENABLE_DEBUG_INFO = INCLUDE_SOURCE;
				MTL_FAST_MATH = YES;
				ONLY_ACTIVE_ARCH = YES;
				SDKROOT = iphoneos;
				SWIFT_ACTIVE_COMPILATION_CONDITIONS = DEBUG;
				SWIFT_OPTIMIZATION_LEVEL = "-Onone";
			};
			name = Debug;
		};
		389814C82A2E981700C0ED41 /* Release */ = {
			isa = XCBuildConfiguration;
			buildSettings = {
				ALWAYS_SEARCH_USER_PATHS = NO;
				CLANG_ANALYZER_NONNULL = YES;
				CLANG_ANALYZER_NUMBER_OBJECT_CONVERSION = YES_AGGRESSIVE;
				CLANG_CXX_LANGUAGE_STANDARD = "gnu++20";
				CLANG_ENABLE_MODULES = YES;
				CLANG_ENABLE_OBJC_ARC = YES;
				CLANG_ENABLE_OBJC_WEAK = YES;
				CLANG_WARN_BLOCK_CAPTURE_AUTORELEASING = YES;
				CLANG_WARN_BOOL_CONVERSION = YES;
				CLANG_WARN_COMMA = YES;
				CLANG_WARN_CONSTANT_CONVERSION = YES;
				CLANG_WARN_DEPRECATED_OBJC_IMPLEMENTATIONS = YES;
				CLANG_WARN_DIRECT_OBJC_ISA_USAGE = YES_ERROR;
				CLANG_WARN_DOCUMENTATION_COMMENTS = YES;
				CLANG_WARN_EMPTY_BODY = YES;
				CLANG_WARN_ENUM_CONVERSION = YES;
				CLANG_WARN_INFINITE_RECURSION = YES;
				CLANG_WARN_INT_CONVERSION = YES;
				CLANG_WARN_NON_LITERAL_NULL_CONVERSION = YES;
				CLANG_WARN_OBJC_IMPLICIT_RETAIN_SELF = YES;
				CLANG_WARN_OBJC_LITERAL_CONVERSION = YES;
				CLANG_WARN_OBJC_ROOT_CLASS = YES_ERROR;
				CLANG_WARN_QUOTED_INCLUDE_IN_FRAMEWORK_HEADER = YES;
				CLANG_WARN_RANGE_LOOP_ANALYSIS = YES;
				CLANG_WARN_STRICT_PROTOTYPES = YES;
				CLANG_WARN_SUSPICIOUS_MOVE = YES;
				CLANG_WARN_UNGUARDED_AVAILABILITY = YES_AGGRESSIVE;
				CLANG_WARN_UNREACHABLE_CODE = YES;
				CLANG_WARN__DUPLICATE_METHOD_MATCH = YES;
				COPY_PHASE_STRIP = NO;
				DEBUG_INFORMATION_FORMAT = "dwarf-with-dsym";
				ENABLE_NS_ASSERTIONS = NO;
				ENABLE_STRICT_OBJC_MSGSEND = YES;
				GCC_C_LANGUAGE_STANDARD = gnu11;
				GCC_NO_COMMON_BLOCKS = YES;
				GCC_WARN_64_TO_32_BIT_CONVERSION = YES;
				GCC_WARN_ABOUT_RETURN_TYPE = YES_ERROR;
				GCC_WARN_UNDECLARED_SELECTOR = YES;
				GCC_WARN_UNINITIALIZED_AUTOS = YES_AGGRESSIVE;
				GCC_WARN_UNUSED_FUNCTION = YES;
				GCC_WARN_UNUSED_VARIABLE = YES;
				IPHONEOS_DEPLOYMENT_TARGET = 16.4;
				MTL_ENABLE_DEBUG_INFO = NO;
				MTL_FAST_MATH = YES;
				SDKROOT = iphoneos;
				SWIFT_COMPILATION_MODE = wholemodule;
				SWIFT_OPTIMIZATION_LEVEL = "-O";
				VALIDATE_PRODUCT = YES;
			};
			name = Release;
		};
		389814CA2A2E981700C0ED41 /* Debug */ = {
			isa = XCBuildConfiguration;
			buildSettings = {
				ASSETCATALOG_COMPILER_APPICON_NAME = AppIcon;
				ASSETCATALOG_COMPILER_GLOBAL_ACCENT_COLOR_NAME = AccentColor;
				CODE_SIGN_STYLE = Automatic;
				CURRENT_PROJECT_VERSION = 1;
				GENERATE_INFOPLIST_FILE = YES;
				INFOPLIST_FILE = MyProject/Resourses/info.plist;
				INFOPLIST_KEY_UIApplicationSupportsIndirectInputEvents = YES;
				INFOPLIST_KEY_UILaunchStoryboardName = LaunchScreen;
				INFOPLIST_KEY_UIMainStoryboardFile = Main;
				INFOPLIST_KEY_UISupportedInterfaceOrientations_iPad = "UIInterfaceOrientationPortrait UIInterfaceOrientationPortraitUpsideDown UIInterfaceOrientationLandscapeLeft UIInterfaceOrientationLandscapeRight";
				INFOPLIST_KEY_UISupportedInterfaceOrientations_iPhone = "UIInterfaceOrientationPortrait UIInterfaceOrientationLandscapeLeft UIInterfaceOrientationLandscapeRight";
				LD_RUNPATH_SEARCH_PATHS = (
					"$(inherited)",
					"@executable_path/Frameworks",
				);
				MARKETING_VERSION = 1.0;
				PRODUCT_BUNDLE_IDENTIFIER = Vosik.MyProject;
				PRODUCT_NAME = "$(TARGET_NAME)";
				SWIFT_EMIT_LOC_STRINGS = YES;
				SWIFT_VERSION = 5.0;
				TARGETED_DEVICE_FAMILY = "1,2";
			};
			name = Debug;
		};
		389814CB2A2E981700C0ED41 /* Release */ = {
			isa = XCBuildConfiguration;
			buildSettings = {
				ASSETCATALOG_COMPILER_APPICON_NAME = AppIcon;
				ASSETCATALOG_COMPILER_GLOBAL_ACCENT_COLOR_NAME = AccentColor;
				CODE_SIGN_STYLE = Automatic;
				CURRENT_PROJECT_VERSION = 1;
				GENERATE_INFOPLIST_FILE = YES;
				INFOPLIST_FILE = MyProject/Resourses/info.plist;
				INFOPLIST_KEY_UIApplicationSupportsIndirectInputEvents = YES;
				INFOPLIST_KEY_UILaunchStoryboardName = LaunchScreen;
				INFOPLIST_KEY_UIMainStoryboardFile = Main;
				INFOPLIST_KEY_UISupportedInterfaceOrientations_iPad = "UIInterfaceOrientationPortrait UIInterfaceOrientationPortraitUpsideDown UIInterfaceOrientationLandscapeLeft UIInterfaceOrientationLandscapeRight";
				INFOPLIST_KEY_UISupportedInterfaceOrientations_iPhone = "UIInterfaceOrientationPortrait UIInterfaceOrientationLandscapeLeft UIInterfaceOrientationLandscapeRight";
				LD_RUNPATH_SEARCH_PATHS = (
					"$(inherited)",
					"@executable_path/Frameworks",
				);
				MARKETING_VERSION = 1.0;
				PRODUCT_BUNDLE_IDENTIFIER = Vosik.MyProject;
				PRODUCT_NAME = "$(TARGET_NAME)";
				SWIFT_EMIT_LOC_STRINGS = YES;
				SWIFT_VERSION = 5.0;
				TARGETED_DEVICE_FAMILY = "1,2";
			};
			name = Release;
		};
		389814CD2A2E981700C0ED41 /* Debug */ = {
			isa = XCBuildConfiguration;
			buildSettings = {
				ALWAYS_EMBED_SWIFT_STANDARD_LIBRARIES = YES;
				BUNDLE_LOADER = "$(TEST_HOST)";
				CODE_SIGN_STYLE = Automatic;
				CURRENT_PROJECT_VERSION = 1;
				GENERATE_INFOPLIST_FILE = YES;
				IPHONEOS_DEPLOYMENT_TARGET = 16.4;
				MARKETING_VERSION = 1.0;
				PRODUCT_BUNDLE_IDENTIFIER = Vosik.MyProjectTests;
				PRODUCT_NAME = "$(TARGET_NAME)";
				SWIFT_EMIT_LOC_STRINGS = NO;
				SWIFT_VERSION = 5.0;
				TARGETED_DEVICE_FAMILY = "1,2";
				TEST_HOST = "$(BUILT_PRODUCTS_DIR)/MyProject.app/$(BUNDLE_EXECUTABLE_FOLDER_PATH)/MyProject";
			};
			name = Debug;
		};
		389814CE2A2E981700C0ED41 /* Release */ = {
			isa = XCBuildConfiguration;
			buildSettings = {
				ALWAYS_EMBED_SWIFT_STANDARD_LIBRARIES = YES;
				BUNDLE_LOADER = "$(TEST_HOST)";
				CODE_SIGN_STYLE = Automatic;
				CURRENT_PROJECT_VERSION = 1;
				GENERATE_INFOPLIST_FILE = YES;
				IPHONEOS_DEPLOYMENT_TARGET = 16.4;
				MARKETING_VERSION = 1.0;
				PRODUCT_BUNDLE_IDENTIFIER = Vosik.MyProjectTests;
				PRODUCT_NAME = "$(TARGET_NAME)";
				SWIFT_EMIT_LOC_STRINGS = NO;
				SWIFT_VERSION = 5.0;
				TARGETED_DEVICE_FAMILY = "1,2";
				TEST_HOST = "$(BUILT_PRODUCTS_DIR)/MyProject.app/$(BUNDLE_EXECUTABLE_FOLDER_PATH)/MyProject";
			};
			name = Release;
		};
		389814D02A2E981700C0ED41 /* Debug */ = {
			isa = XCBuildConfiguration;
			buildSettings = {
				ALWAYS_EMBED_SWIFT_STANDARD_LIBRARIES = YES;
				CODE_SIGN_STYLE = Automatic;
				CURRENT_PROJECT_VERSION = 1;
				GENERATE_INFOPLIST_FILE = YES;
				MARKETING_VERSION = 1.0;
				PRODUCT_BUNDLE_IDENTIFIER = Vosik.MyProjectUITests;
				PRODUCT_NAME = "$(TARGET_NAME)";
				SWIFT_EMIT_LOC_STRINGS = NO;
				SWIFT_VERSION = 5.0;
				TARGETED_DEVICE_FAMILY = "1,2";
				TEST_TARGET_NAME = MyProject;
			};
			name = Debug;
		};
		389814D12A2E981700C0ED41 /* Release */ = {
			isa = XCBuildConfiguration;
			buildSettings = {
				ALWAYS_EMBED_SWIFT_STANDARD_LIBRARIES = YES;
				CODE_SIGN_STYLE = Automatic;
				CURRENT_PROJECT_VERSION = 1;
				GENERATE_INFOPLIST_FILE = YES;
				MARKETING_VERSION = 1.0;
				PRODUCT_BUNDLE_IDENTIFIER = Vosik.MyProjectUITests;
				PRODUCT_NAME = "$(TARGET_NAME)";
				SWIFT_EMIT_LOC_STRINGS = NO;
				SWIFT_VERSION = 5.0;
				TARGETED_DEVICE_FAMILY = "1,2";
				TEST_TARGET_NAME = MyProject;
			};
			name = Release;
		};
/* End XCBuildConfiguration section */

/* Begin XCConfigurationList section */
		3898149A2A2E981600C0ED41 /* Build configuration list for PBXProject "MyProject" */ = {
			isa = XCConfigurationList;
			buildConfigurations = (
				389814C72A2E981700C0ED41 /* Debug */,
				389814C82A2E981700C0ED41 /* Release */,
			);
			defaultConfigurationIsVisible = 0;
			defaultConfigurationName = Release;
		};
		389814C92A2E981700C0ED41 /* Build configuration list for PBXNativeTarget "MyProject" */ = {
			isa = XCConfigurationList;
			buildConfigurations = (
				389814CA2A2E981700C0ED41 /* Debug */,
				389814CB2A2E981700C0ED41 /* Release */,
			);
			defaultConfigurationIsVisible = 0;
			defaultConfigurationName = Release;
		};
		389814CC2A2E981700C0ED41 /* Build configuration list for PBXNativeTarget "MyProjectTests" */ = {
			isa = XCConfigurationList;
			buildConfigurations = (
				389814CD2A2E981700C0ED41 /* Debug */,
				389814CE2A2E981700C0ED41 /* Release */,
			);
			defaultConfigurationIsVisible = 0;
			defaultConfigurationName = Release;
		};
		389814CF2A2E981700C0ED41 /* Build configuration list for PBXNativeTarget "MyProjectUITests" */ = {
			isa = XCConfigurationList;
			buildConfigurations = (
				389814D02A2E981700C0ED41 /* Debug */,
				389814D12A2E981700C0ED41 /* Release */,
			);
			defaultConfigurationIsVisible = 0;
			defaultConfigurationName = Release;
		};
/* End XCConfigurationList section */
	};
	rootObject = 389814972A2E981600C0ED41 /* Project object */;
}
